
Microsoft Visual Studio Solution File, Format Version 12.00
# Visual Studio Version 17
VisualStudioVersion = 17.0.32112.339
MinimumVisualStudioVersion = 10.0.40219.1
Project("{2150E333-8FDC-42A3-9474-1A3956D46DE8}") = "01-DAL", "01-DAL", "{62918EA2-D77A-4B97-879A-89E1CA94C2A8}"
EndProject
Project("{9A19103F-16F7-4668-BE54-9A1E7A4F7556}") = "ListaComandos.DAL", "ListaComandos.DAL\ListaComandos.DAL.csproj", "{5B9E08AB-901D-49EB-971D-13E32E7D2787}"
EndProject
Project("{2150E333-8FDC-42A3-9474-1A3956D46DE8}") = "02-BL", "02-BL", "{C47105B7-C318-40E4-A26A-60991CC79DC4}"
EndProject
Project("{FAE04EC0-301F-11D3-BF4B-00C04F79EFBC}") = "ListaComandos.BL", "ListaComandos.BL\ListaComandos.BL.csproj", "{2E3D0FB4-9C9B-44B9-9BAC-7FDB73EF0B04}"
EndProject
Project("{2150E333-8FDC-42A3-9474-1A3956D46DE8}") = "03-API", "03-API", "{DB3967C3-7E13-4F0D-A694-78D47A17CF55}"
EndProject
Project("{FAE04EC0-301F-11D3-BF4B-00C04F79EFBC}") = "ListaComandosAPI", "ListaComandosAPI\ListaComandosAPI.csproj", "{E1247445-D24D-48DB-9F3D-668C8DC0AF08}"
EndProject
Global
	GlobalSection(SolutionConfigurationPlatforms) = preSolution
		Debug|Any CPU = Debug|Any CPU
		Release|Any CPU = Release|Any CPU
	EndGlobalSection
	GlobalSection(ProjectConfigurationPlatforms) = postSolution
		{5B9E08AB-901D-49EB-971D-13E32E7D2787}.Debug|Any CPU.ActiveCfg = Debug|Any CPU
		{5B9E08AB-901D-49EB-971D-13E32E7D2787}.Debug|Any CPU.Build.0 = Debug|Any CPU
		{5B9E08AB-901D-49EB-971D-13E32E7D2787}.Release|Any CPU.ActiveCfg = Release|Any CPU
		{5B9E08AB-901D-49EB-971D-13E32E7D2787}.Release|Any CPU.Build.0 = Release|Any CPU
		{2E3D0FB4-9C9B-44B9-9BAC-7FDB73EF0B04}.Debug|Any CPU.ActiveCfg = Debug|Any CPU
		{2E3D0FB4-9C9B-44B9-9BAC-7FDB73EF0B04}.Debug|Any CPU.Build.0 = Debug|Any CPU
		{2E3D0FB4-9C9B-44B9-9BAC-7FDB73EF0B04}.Release|Any CPU.ActiveCfg = Release|Any CPU
		{2E3D0FB4-9C9B-44B9-9BAC-7FDB73EF0B04}.Release|Any CPU.Build.0 = Release|Any CPU
		{E1247445-D24D-48DB-9F3D-668C8DC0AF08}.Debug|Any CPU.ActiveCfg = Debug|Any CPU
		{E1247445-D24D-48DB-9F3D-668C8DC0AF08}.Debug|Any CPU.Build.0 = Debug|Any CPU
		{E1247445-D24D-48DB-9F3D-668C8DC0AF08}.Release|Any CPU.ActiveCfg = Release|Any CPU
		{E1247445-D24D-48DB-9F3D-668C8DC0AF08}.Release|Any CPU.Build.0 = Release|Any CPU
	EndGlobalSection
	GlobalSection(SolutionProperties) = preSolution
		HideSolutionNode = FALSE
	EndGlobalSection
	GlobalSection(NestedProjects) = preSolution
		{5B9E08AB-901D-49EB-971D-13E32E7D2787} = {62918EA2-D77A-4B97-879A-89E1CA94C2A8}
		{2E3D0FB4-9C9B-44B9-9BAC-7FDB73EF0B04} = {C47105B7-C318-40E4-A26A-60991CC79DC4}
		{E1247445-D24D-48DB-9F3D-668C8DC0AF08} = {DB3967C3-7E13-4F0D-A694-78D47A17CF55}
	EndGlobalSection
	GlobalSection(ExtensibilityGlobals) = postSolution
		SolutionGuid = {8B1D7F3C-91D3-49A6-A8D5-42BEA4A195CD}
	EndGlobalSection
EndGlobal
